
Microsoft Visual Studio Solution File, Format Version 12.00
# Visual Studio Version 17
VisualStudioVersion = 17.8.34511.84
MinimumVisualStudioVersion = 10.0.40219.1
Project("{FAE04EC0-301F-11D3-BF4B-00C04F79EFBC}") = "Application.Test", "Main.Test\Application.Test.csproj", "{37C0F0E2-28D6-4941-BCE1-72D371F81E39}"
EndProject
Project("{FAE04EC0-301F-11D3-BF4B-00C04F79EFBC}") = "Application", "Application\Application.csproj", "{081EAEA3-37D2-458A-86AE-5586DEF4A487}"
EndProject
Global
	GlobalSection(SolutionConfigurationPlatforms) = preSolution
		Debug|Any CPU = Debug|Any CPU
		Release|Any CPU = Release|Any CPU
	EndGlobalSection
	GlobalSection(ProjectConfigurationPlatforms) = postSolution
		{37C0F0E2-28D6-4941-BCE1-72D371F81E39}.Debug|Any CPU.ActiveCfg = Debug|Any CPU
		{37C0F0E2-28D6-4941-BCE1-72D371F81E39}.Debug|Any CPU.Build.0 = Debug|Any CPU
		{37C0F0E2-28D6-4941-BCE1-72D371F81E39}.Release|Any CPU.ActiveCfg = Release|Any CPU
		{37C0F0E2-28D6-4941-BCE1-72D371F81E39}.Release|Any CPU.Build.0 = Release|Any CPU
		{081EAEA3-37D2-458A-86AE-5586DEF4A487}.Debug|Any CPU.ActiveCfg = Debug|Any CPU
		{081EAEA3-37D2-458A-86AE-5586DEF4A487}.Debug|Any CPU.Build.0 = Debug|Any CPU
		{081EAEA3-37D2-458A-86AE-5586DEF4A487}.Release|Any CPU.ActiveCfg = Release|Any CPU
		{081EAEA3-37D2-458A-86AE-5586DEF4A487}.Release|Any CPU.Build.0 = Release|Any CPU
	EndGlobalSection
	GlobalSection(SolutionProperties) = preSolution
		HideSolutionNode = FALSE
	EndGlobalSection
	GlobalSection(ExtensibilityGlobals) = postSolution
		SolutionGuid = {ED97F28D-5FC1-4B95-9EB6-1376ACFCDFEF}
	EndGlobalSection
EndGlobal
